<?xml version="1.0" encoding="utf-8"?>
<Project ToolsVersion="4.0" xmlns="http://schemas.microsoft.com/developer/msbuild/2003">
  <ItemGroup>
    <Filter Include="Form Files">
      <UniqueIdentifier>{99349809-55BA-4b9d-BF79-8FDBB0286EB3}</UniqueIdentifier>
      <Extensions>ui</Extensions>
      <ParseFiles>false</ParseFiles>
    </Filter>
    <Filter Include="Form Files">
      <UniqueIdentifier>{99349809-55BA-4b9d-BF79-8FDBB0286EB3}</UniqueIdentifier>
      <Extensions>ui</Extensions>
      <ParseFiles>false</ParseFiles>
    </Filter>
    <Filter Include="Generated Files">
      <UniqueIdentifier>{71ED8ED8-ACB9-4CE9-BBE1-E00B30144E11}</UniqueIdentifier>
      <Extensions>cpp;c;cxx;moc;h;def;odl;idl;res;</Extensions>
    </Filter>
    <Filter Include="Generated Files">
      <UniqueIdentifier>{71ED8ED8-ACB9-4CE9-BBE1-E00B30144E11}</UniqueIdentifier>
      <Extensions>cpp;c;cxx;moc;h;def;odl;idl;res;</Extensions>
    </Filter>
    <Filter Include="Header Files">
      <UniqueIdentifier>{93995380-89BD-4b04-88EB-625FBE52EBFB}</UniqueIdentifier>
      <Extensions>h;hpp;hxx;hm;inl;inc;xsd</Extensions>
    </Filter>
    <Filter Include="Header Files">
      <UniqueIdentifier>{93995380-89BD-4b04-88EB-625FBE52EBFB}</UniqueIdentifier>
      <Extensions>h;hpp;hxx;hm;inl;inc;xsd</Extensions>
    </Filter>
    <Filter Include="Resource Files">
      <UniqueIdentifier>{D9D6E242-F8AF-46E4-B9FD-80ECBC20BA3E}</UniqueIdentifier>
      <Extensions>qrc;*</Extensions>
      <ParseFiles>false</ParseFiles>
    </Filter>
    <Filter Include="Resource Files">
      <UniqueIdentifier>{D9D6E242-F8AF-46E4-B9FD-80ECBC20BA3E}</UniqueIdentifier>
      <Extensions>qrc;*</Extensions>
      <ParseFiles>false</ParseFiles>
    </Filter>
    <Filter Include="Source Files">
      <UniqueIdentifier>{4FC737F1-C7A5-4376-A066-2A32D752A2FF}</UniqueIdentifier>
      <Extensions>cpp;c;cxx;def;odl;idl;hpj;bat;asm;asmx</Extensions>
    </Filter>
    <Filter Include="Source Files">
      <UniqueIdentifier>{4FC737F1-C7A5-4376-A066-2A32D752A2FF}</UniqueIdentifier>
      <Extensions>cpp;c;cxx;def;odl;idl;hpj;bat;asm;asmx</Extensions>
    </Filter>
    <Filter Include="Generated Files\Debug">
      <UniqueIdentifier>{77c3cdd5-f4e7-4432-9401-dbad757df2a8}</UniqueIdentifier>
      <Extensions>cpp;moc</Extensions>
      <SourceControlFiles>False</SourceControlFiles>
    </Filter>
    <Filter Include="Generated Files\Release">
      <UniqueIdentifier>{4a6df319-c537-4ee8-b0eb-cf9e25f6367d}</UniqueIdentifier>
      <Extensions>cpp;moc</Extensions>
      <SourceControlFiles>False</SourceControlFiles>
    </Filter>
  </ItemGroup>
  <ItemGroup>
    <ClCompile Include="aiclass.cpp">
      <Filter>Source Files</Filter>
    </ClCompile>
    <ClCompile Include="difficultylevel.cpp">
      <Filter>Source Files</Filter>
    </ClCompile>
    <ClCompile Include="gamemode.cpp">
      <Filter>Source Files</Filter>
    </ClCompile>
    <ClCompile Include="gameoption.cpp">
      <Filter>Source Files</Filter>
    </ClCompile>
    <ClCompile Include="loginscene.cpp">
      <Filter>Source Files</Filter>
    </ClCompile>
    <ClCompile Include="main.cpp">
      <Filter>Source Files</Filter>
    </ClCompile>
    <ClCompile Include="maintictactoe.cpp">
      <Filter>Source Files</Filter>
    </ClCompile>
    <ClCompile Include="playergameoptions.cpp">
      <Filter>Source Files</Filter>
    </ClCompile>
    <ClCompile Include="registrationscene.cpp">
      <Filter>Source Files</Filter>
    </ClCompile>
    <ClCompile Include="resetpassword.cpp">
      <Filter>Source Files</Filter>
    </ClCompile>
    <ClCompile Include="user.cpp">
      <Filter>Source Files</Filter>
    </ClCompile>
    <ClCompile Include="Debug\moc_difficultylevel.cpp">
      <Filter>Generated Files\Debug</Filter>
    </ClCompile>
    <ClCompile Include="Release\moc_difficultylevel.cpp">
      <Filter>Generated Files\Release</Filter>
    </ClCompile>
    <ClCompile Include="Debug\moc_gamemode.cpp">
      <Filter>Generated Files\Debug</Filter>
    </ClCompile>
    <ClCompile Include="Release\moc_gamemode.cpp">
      <Filter>Generated Files\Release</Filter>
    </ClCompile>
    <ClCompile Include="Debug\moc_gameoption.cpp">
      <Filter>Generated Files\Debug</Filter>
    </ClCompile>
    <ClCompile Include="Release\moc_gameoption.cpp">
      <Filter>Generated Files\Release</Filter>
    </ClCompile>
    <ClCompile Include="Debug\moc_loginscene.cpp">
      <Filter>Generated Files\Debug</Filter>
    </ClCompile>
    <ClCompile Include="Release\moc_loginscene.cpp">
      <Filter>Generated Files\Release</Filter>
    </ClCompile>
    <ClCompile Include="Debug\moc_maintictactoe.cpp">
      <Filter>Generated Files\Debug</Filter>
    </ClCompile>
    <ClCompile Include="Release\moc_maintictactoe.cpp">
      <Filter>Generated Files\Release</Filter>
    </ClCompile>
    <ClCompile Include="Debug\moc_playergameoptions.cpp">
      <Filter>Generated Files\Debug</Filter>
    </ClCompile>
    <ClCompile Include="Release\moc_playergameoptions.cpp">
      <Filter>Generated Files\Release</Filter>
    </ClCompile>
    <ClCompile Include="Debug\moc_registrationscene.cpp">
      <Filter>Generated Files\Debug</Filter>
    </ClCompile>
    <ClCompile Include="Release\moc_registrationscene.cpp">
      <Filter>Generated Files\Release</Filter>
    </ClCompile>
    <ClCompile Include="Debug\moc_resetpassword.cpp">
      <Filter>Generated Files\Debug</Filter>
    </ClCompile>
    <ClCompile Include="Release\moc_resetpassword.cpp">
      <Filter>Generated Files\Release</Filter>
    </ClCompile>
    <ClCompile Include="GeneratedFiles\qrc_resources.cpp">
      <Filter>Generated Files</Filter>
    </ClCompile>
  </ItemGroup>
  <ItemGroup>
    <ClInclude Include="aiclass.h">
      <Filter>Header Files</Filter>
    </ClInclude>
    <ClInclude Include="allheadertoinclude.h">
      <Filter>Header Files</Filter>
    </ClInclude>
    <CustomBuild Include="difficultylevel.h">
      <Filter>Header Files</Filter>
    </CustomBuild>
    <CustomBuild Include="gamemode.h">
      <Filter>Header Files</Filter>
    </CustomBuild>
    <CustomBuild Include="gameoption.h">
      <Filter>Header Files</Filter>
    </CustomBuild>
    <CustomBuild Include="loginscene.h">
      <Filter>Header Files</Filter>
    </CustomBuild>
    <CustomBuild Include="maintictactoe.h">
      <Filter>Header Files</Filter>
    </CustomBuild>
    <CustomBuild Include="playergameoptions.h">
      <Filter>Header Files</Filter>
    </CustomBuild>
    <CustomBuild Include="registrationscene.h">
      <Filter>Header Files</Filter>
    </CustomBuild>
    <CustomBuild Include="resetpassword.h">
      <Filter>Header Files</Filter>
    </CustomBuild>
    <ClInclude Include="user.h">
      <Filter>Header Files</Filter>
    </ClInclude>
    <ClInclude Include="GeneratedFiles\ui_difficultylevel.h">
      <Filter>Generated Files</Filter>
    </ClInclude>
    <ClInclude Include="GeneratedFiles\ui_gamemode.h">
      <Filter>Generated Files</Filter>
    </ClInclude>
    <ClInclude Include="GeneratedFiles\ui_gameoption.h">
      <Filter>Generated Files</Filter>
    </ClInclude>
    <ClInclude Include="GeneratedFiles\ui_loginscene.h">
      <Filter>Generated Files</Filter>
    </ClInclude>
    <ClInclude Include="GeneratedFiles\ui_maintictactoe.h">
      <Filter>Generated Files</Filter>
    </ClInclude>
    <ClInclude Include="GeneratedFiles\ui_playergameoptions.h">
      <Filter>Generated Files</Filter>
    </ClInclude>
    <ClInclude Include="GeneratedFiles\ui_registrationscene.h">
      <Filter>Generated Files</Filter>
    </ClInclude>
    <ClInclude Include="GeneratedFiles\ui_resetpassword.h">
      <Filter>Generated Files</Filter>
    </ClInclude>
  </ItemGroup>
  <ItemGroup>
    <CustomBuild Include="difficultylevel.ui">
      <Filter>Form Files</Filter>
    </CustomBuild>
    <CustomBuild Include="gamemode.ui">
      <Filter>Form Files</Filter>
    </CustomBuild>
    <CustomBuild Include="gameoption.ui">
      <Filter>Form Files</Filter>
    </CustomBuild>
    <CustomBuild Include="loginscene.ui">
      <Filter>Form Files</Filter>
    </CustomBuild>
    <CustomBuild Include="maintictactoe.ui">
      <Filter>Form Files</Filter>
    </CustomBuild>
    <CustomBuild Include="playergameoptions.ui">
      <Filter>Form Files</Filter>
    </CustomBuild>
    <CustomBuild Include="registrationscene.ui">
      <Filter>Form Files</Filter>
    </CustomBuild>
    <CustomBuild Include="resetpassword.ui">
      <Filter>Form Files</Filter>
    </CustomBuild>
  </ItemGroup>
  <ItemGroup>
    <None Include="images\Icons\2000px-Tic_tac_toe.svg.png">
      <Filter>Resource Files</Filter>
    </None>
    <None Include="25x25.png">
      <Filter>Resource Files</Filter>
    </None>
    <None Include="50x50.png">
      <Filter>Resource Files</Filter>
    </None>
    <None Include="images\Icons\Hamburger">
      <Filter>Resource Files</Filter>
    </None>
    <None Include="images\Icons\Help">
      <Filter>Resource Files</Filter>
    </None>
    <None Include="Icon">
      <Filter>Resource Files</Filter>
    </None>
    <None Include="images\Icons\Information">
      <Filter>Resource Files</Filter>
    </None>
    <None Include="O_file.png">
      <Filter>Resource Files</Filter>
    </None>
    <None Include="images\Icons\Play">
      <Filter>Resource Files</Filter>
    </None>
    <None Include="X.png">
      <Filter>Resource Files</Filter>
    </None>
    <None Include="images\Icons\X">
      <Filter>Resource Files</Filter>
    </None>
    <None Include="background.png">
      <Filter>Resource Files</Filter>
    </None>
    <None Include="icon">
      <Filter>Resource Files</Filter>
    </None>
    <CustomBuild Include="resources.qrc">
      <Filter>Resource Files</Filter>
    </CustomBuild>
    <None Include="icon" />
  </ItemGroup>
  <ItemGroup>
    <Image Include="images\Icons\Hamburger Icon 50x50.png">
      <Filter>Resource Files</Filter>
    </Image>
    <Image Include="images\Icons\Help Icon 25x25.png">
      <Filter>Resource Files</Filter>
    </Image>
    <Image Include="images\Icons\Help Icon 50x50.png">
      <Filter>Resource Files</Filter>
    </Image>
    <Image Include="images\Icons\Information icon 50x50.png">
      <Filter>Resource Files</Filter>
    </Image>
    <Image Include="images\Icons\Play Icon 50x50.png">
      <Filter>Resource Files</Filter>
    </Image>
    <Image Include="images\Icons\X Icon 25x25.png">
      <Filter>Resource Files</Filter>
    </Image>
    <Image Include="images\Icons\X Icon 50x50.png">
      <Filter>Resource Files</Filter>
    </Image>
  </ItemGroup>
</Project>